
Microsoft Visual Studio Solution File, Format Version 12.00
# Visual Studio Version 17
VisualStudioVersion = 17.3.32825.248
MinimumVisualStudioVersion = 10.0.40219.1
Project("{FAE04EC0-301F-11D3-BF4B-00C04F79EFBC}") = "ConsoleApp1", "ConsoleApp1\ConsoleApp1.csproj", "{CE553799-5343-46D2-89D2-6FB38A7DB107}"
EndProject
Project("{FAE04EC0-301F-11D3-BF4B-00C04F79EFBC}") = "ServiceLibrary", "ServiceLibrary\ServiceLibrary.csproj", "{66C3D010-ADF0-413E-B7E4-E5775D837F3F}"
EndProject
Project("{FAE04EC0-301F-11D3-BF4B-00C04F79EFBC}") = "MonopolyClient", "MonopolyClient\MonopolyClient.csproj", "{2482926F-26D9-4228-BE05-5CD1E35B6D8F}"
EndProject
Global
	GlobalSection(SolutionConfigurationPlatforms) = preSolution
		Debug|Any CPU = Debug|Any CPU
		Release|Any CPU = Release|Any CPU
	EndGlobalSection
	GlobalSection(ProjectConfigurationPlatforms) = postSolution
		{CE553799-5343-46D2-89D2-6FB38A7DB107}.Debug|Any CPU.ActiveCfg = Debug|Any CPU
		{CE553799-5343-46D2-89D2-6FB38A7DB107}.Debug|Any CPU.Build.0 = Debug|Any CPU
		{CE553799-5343-46D2-89D2-6FB38A7DB107}.Release|Any CPU.ActiveCfg = Release|Any CPU
		{CE553799-5343-46D2-89D2-6FB38A7DB107}.Release|Any CPU.Build.0 = Release|Any CPU
		{66C3D010-ADF0-413E-B7E4-E5775D837F3F}.Debug|Any CPU.ActiveCfg = Debug|Any CPU
		{66C3D010-ADF0-413E-B7E4-E5775D837F3F}.Debug|Any CPU.Build.0 = Debug|Any CPU
		{66C3D010-ADF0-413E-B7E4-E5775D837F3F}.Release|Any CPU.ActiveCfg = Release|Any CPU
		{66C3D010-ADF0-413E-B7E4-E5775D837F3F}.Release|Any CPU.Build.0 = Release|Any CPU
		{2482926F-26D9-4228-BE05-5CD1E35B6D8F}.Debug|Any CPU.ActiveCfg = Debug|Any CPU
		{2482926F-26D9-4228-BE05-5CD1E35B6D8F}.Debug|Any CPU.Build.0 = Debug|Any CPU
		{2482926F-26D9-4228-BE05-5CD1E35B6D8F}.Release|Any CPU.ActiveCfg = Release|Any CPU
		{2482926F-26D9-4228-BE05-5CD1E35B6D8F}.Release|Any CPU.Build.0 = Release|Any CPU
	EndGlobalSection
	GlobalSection(SolutionProperties) = preSolution
		HideSolutionNode = FALSE
	EndGlobalSection
	GlobalSection(ExtensibilityGlobals) = postSolution
		SolutionGuid = {5471C5A8-12C9-4D86-974E-2252F3B1C508}
	EndGlobalSection
EndGlobal
